
Microsoft Visual Studio Solution File, Format Version 12.00
# Visual Studio Version 17
VisualStudioVersion = 17.13.35919.96 d17.13
MinimumVisualStudioVersion = 10.0.40219.1
Project("{FAE04EC0-301F-11D3-BF4B-00C04F79EFBC}") = "ST10323395_MunicipalServicesApp", "ST10323395_MunicipalServicesApp\ST10323395_MunicipalServicesApp.csproj", "{5C1BDC1A-86E2-4507-A222-E8BC7B576102}"
EndProject
Global
	GlobalSection(SolutionConfigurationPlatforms) = preSolution
		Debug|Any CPU = Debug|Any CPU
		Release|Any CPU = Release|Any CPU
	EndGlobalSection
	GlobalSection(ProjectConfigurationPlatforms) = postSolution
		{5C1BDC1A-86E2-4507-A222-E8BC7B576102}.Debug|Any CPU.ActiveCfg = Debug|Any CPU
		{5C1BDC1A-86E2-4507-A222-E8BC7B576102}.Debug|Any CPU.Build.0 = Debug|Any CPU
		{5C1BDC1A-86E2-4507-A222-E8BC7B576102}.Release|Any CPU.ActiveCfg = Release|Any CPU
		{5C1BDC1A-86E2-4507-A222-E8BC7B576102}.Release|Any CPU.Build.0 = Release|Any CPU
	EndGlobalSection
	GlobalSection(SolutionProperties) = preSolution
		HideSolutionNode = FALSE
	EndGlobalSection
	GlobalSection(ExtensibilityGlobals) = postSolution
		SolutionGuid = {36122463-E244-4900-B46B-45181FED65E9}
	EndGlobalSection
EndGlobal
